Microsoft Visual Studio Solution File, Format Version 12.00
# Visual Studio Version 17
VisualStudioVersion = 17.5.2.0
MinimumVisualStudioVersion = 10.0.40219.1
Project("{FAE04EC0-301F-11D3-BF4B-00C04F79EFBC}") = "TestProject9", "TestProject9.csproj", "{4F459ECD-5885-9989-0AA0-7EF9E94EA17E}"
EndProject
Global
	GlobalSection(SolutionConfigurationPlatforms) = preSolution
		Debug|Any CPU = Debug|Any CPU
		Release|Any CPU = Release|Any CPU
	EndGlobalSection
	GlobalSection(ProjectConfigurationPlatforms) = postSolution
		{4F459ECD-5885-9989-0AA0-7EF9E94EA17E}.Debug|Any CPU.ActiveCfg = Debug|Any CPU
		{4F459ECD-5885-9989-0AA0-7EF9E94EA17E}.Debug|Any CPU.Build.0 = Debug|Any CPU
		{4F459ECD-5885-9989-0AA0-7EF9E94EA17E}.Release|Any CPU.ActiveCfg = Release|Any CPU
		{4F459ECD-5885-9989-0AA0-7EF9E94EA17E}.Release|Any CPU.Build.0 = Release|Any CPU
	EndGlobalSection
	GlobalSection(SolutionProperties) = preSolution
		HideSolutionNode = FALSE
	EndGlobalSection
	GlobalSection(ExtensibilityGlobals) = postSolution
		SolutionGuid = {6422DC1A-EDF5-46EC-8BFC-43A1B3AA670B}
	EndGlobalSection
EndGlobal
