Microsoft Visual Studio Solution File, Format Version 12.00
# Visual Studio Version 17
VisualStudioVersion = 17.5.2.0
MinimumVisualStudioVersion = 10.0.40219.1
Project("{FAE04EC0-301F-11D3-BF4B-00C04F79EFBC}") = "TestProject3", "TestProject3.csproj", "{9F325C12-66BA-DA6B-1000-BE81822C0377}"
EndProject
Global
	GlobalSection(SolutionConfigurationPlatforms) = preSolution
		Debug|Any CPU = Debug|Any CPU
		Release|Any CPU = Release|Any CPU
	EndGlobalSection
	GlobalSection(ProjectConfigurationPlatforms) = postSolution
		{9F325C12-66BA-DA6B-1000-BE81822C0377}.Debug|Any CPU.ActiveCfg = Debug|Any CPU
		{9F325C12-66BA-DA6B-1000-BE81822C0377}.Debug|Any CPU.Build.0 = Debug|Any CPU
		{9F325C12-66BA-DA6B-1000-BE81822C0377}.Release|Any CPU.ActiveCfg = Release|Any CPU
		{9F325C12-66BA-DA6B-1000-BE81822C0377}.Release|Any CPU.Build.0 = Release|Any CPU
	EndGlobalSection
	GlobalSection(SolutionProperties) = preSolution
		HideSolutionNode = FALSE
	EndGlobalSection
	GlobalSection(ExtensibilityGlobals) = postSolution
		SolutionGuid = {80846A88-3615-4A9D-9957-064FAF0D2229}
	EndGlobalSection
EndGlobal
