Microsoft Visual Studio Solution File, Format Version 12.00
# Visual Studio Version 17
VisualStudioVersion = 17.5.2.0
MinimumVisualStudioVersion = 10.0.40219.1
Project("{2150E333-8FDC-42A3-9474-1A3956D46DE8}") = "CsharpProjects", "CsharpProjects", "{377645E0-7459-E4D6-7B01-C40A186E0CA7}"
EndProject
Project("{FAE04EC0-301F-11D3-BF4B-00C04F79EFBC}") = "TestProject", "CsharpProjects\TestProject\TestProject.csproj", "{145180CF-A163-41B2-5D51-6806E7F01F1F}"
EndProject
Global
	GlobalSection(SolutionConfigurationPlatforms) = preSolution
		Debug|Any CPU = Debug|Any CPU
		Release|Any CPU = Release|Any CPU
	EndGlobalSection
	GlobalSection(ProjectConfigurationPlatforms) = postSolution
		{145180CF-A163-41B2-5D51-6806E7F01F1F}.Debug|Any CPU.ActiveCfg = Debug|Any CPU
		{145180CF-A163-41B2-5D51-6806E7F01F1F}.Debug|Any CPU.Build.0 = Debug|Any CPU
		{145180CF-A163-41B2-5D51-6806E7F01F1F}.Release|Any CPU.ActiveCfg = Release|Any CPU
		{145180CF-A163-41B2-5D51-6806E7F01F1F}.Release|Any CPU.Build.0 = Release|Any CPU
	EndGlobalSection
	GlobalSection(SolutionProperties) = preSolution
		HideSolutionNode = FALSE
	EndGlobalSection
	GlobalSection(NestedProjects) = preSolution
		{145180CF-A163-41B2-5D51-6806E7F01F1F} = {377645E0-7459-E4D6-7B01-C40A186E0CA7}
	EndGlobalSection
	GlobalSection(ExtensibilityGlobals) = postSolution
		SolutionGuid = {F9E52F1B-4F37-4B87-8979-9115A0A4DA26}
	EndGlobalSection
EndGlobal
