Microsoft Visual Studio Solution File, Format Version 12.00
# Visual Studio Version 17
VisualStudioVersion = 17.5.2.0
MinimumVisualStudioVersion = 10.0.40219.1
Project("{FAE04EC0-301F-11D3-BF4B-00C04F79EFBC}") = "TestProject2", "TestProject2.csproj", "{E0FCDBB3-9FAE-CF97-A3D5-BAC3F0464D0D}"
EndProject
Global
	GlobalSection(SolutionConfigurationPlatforms) = preSolution
		Debug|Any CPU = Debug|Any CPU
		Release|Any CPU = Release|Any CPU
	EndGlobalSection
	GlobalSection(ProjectConfigurationPlatforms) = postSolution
		{E0FCDBB3-9FAE-CF97-A3D5-BAC3F0464D0D}.Debug|Any CPU.ActiveCfg = Debug|Any CPU
		{E0FCDBB3-9FAE-CF97-A3D5-BAC3F0464D0D}.Debug|Any CPU.Build.0 = Debug|Any CPU
		{E0FCDBB3-9FAE-CF97-A3D5-BAC3F0464D0D}.Release|Any CPU.ActiveCfg = Release|Any CPU
		{E0FCDBB3-9FAE-CF97-A3D5-BAC3F0464D0D}.Release|Any CPU.Build.0 = Release|Any CPU
	EndGlobalSection
	GlobalSection(SolutionProperties) = preSolution
		HideSolutionNode = FALSE
	EndGlobalSection
	GlobalSection(ExtensibilityGlobals) = postSolution
		SolutionGuid = {BE232B97-834D-46CB-B355-DC92C2EAE21C}
	EndGlobalSection
EndGlobal
