Microsoft Visual Studio Solution File, Format Version 12.00
# Visual Studio Version 17
VisualStudioVersion = 17.5.2.0
MinimumVisualStudioVersion = 10.0.40219.1
Project("{FAE04EC0-301F-11D3-BF4B-00C04F79EFBC}") = "TestProject6", "TestProject6.csproj", "{CCFFFCBF-A38D-96EE-8384-40D53A286390}"
EndProject
Global
	GlobalSection(SolutionConfigurationPlatforms) = preSolution
		Debug|Any CPU = Debug|Any CPU
		Release|Any CPU = Release|Any CPU
	EndGlobalSection
	GlobalSection(ProjectConfigurationPlatforms) = postSolution
		{CCFFFCBF-A38D-96EE-8384-40D53A286390}.Debug|Any CPU.ActiveCfg = Debug|Any CPU
		{CCFFFCBF-A38D-96EE-8384-40D53A286390}.Debug|Any CPU.Build.0 = Debug|Any CPU
		{CCFFFCBF-A38D-96EE-8384-40D53A286390}.Release|Any CPU.ActiveCfg = Release|Any CPU
		{CCFFFCBF-A38D-96EE-8384-40D53A286390}.Release|Any CPU.Build.0 = Release|Any CPU
	EndGlobalSection
	GlobalSection(SolutionProperties) = preSolution
		HideSolutionNode = FALSE
	EndGlobalSection
	GlobalSection(ExtensibilityGlobals) = postSolution
		SolutionGuid = {C3F9D58E-27DC-4E41-89B9-4CD2DACBFC1E}
	EndGlobalSection
EndGlobal
